
Microsoft Visual Studio Solution File, Format Version 12.00
# Visual Studio Version 16
VisualStudioVersion = 16.0.32228.343
MinimumVisualStudioVersion = 10.0.40219.1
Project("{FAE04EC0-301F-11D3-BF4B-00C04F79EFBC}") = "racfollow", "racfollow\racfollow.csproj", "{8CF4A2FE-9491-4AB8-9CBC-D3A4631788B3}"
EndProject
Global
	GlobalSection(SolutionConfigurationPlatforms) = preSolution
		Debug|Any CPU = Debug|Any CPU
		Release|Any CPU = Release|Any CPU
	EndGlobalSection
	GlobalSection(ProjectConfigurationPlatforms) = postSolution
		{8CF4A2FE-9491-4AB8-9CBC-D3A4631788B3}.Debug|Any CPU.ActiveCfg = Debug|Any CPU
		{8CF4A2FE-9491-4AB8-9CBC-D3A4631788B3}.Debug|Any CPU.Build.0 = Debug|Any CPU
		{8CF4A2FE-9491-4AB8-9CBC-D3A4631788B3}.Release|Any CPU.ActiveCfg = Release|Any CPU
		{8CF4A2FE-9491-4AB8-9CBC-D3A4631788B3}.Release|Any CPU.Build.0 = Release|Any CPU
	EndGlobalSection
	GlobalSection(SolutionProperties) = preSolution
		HideSolutionNode = FALSE
	EndGlobalSection
	GlobalSection(ExtensibilityGlobals) = postSolution
		SolutionGuid = {87C1EDFB-0E92-4EF1-A23D-784629A3DA9B}
	EndGlobalSection
EndGlobal
